
Microsoft Visual Studio Solution File, Format Version 12.00
# Visual Studio 15
VisualStudioVersion = 15.0.28307.1321
MinimumVisualStudioVersion = 10.0.40219.1
Project("{8BC9CEB8-8B4A-11D0-8D11-00A0C91BC942}") = "midimuck", "midimuck.vcxproj", "{3C081548-A073-402D-ADAA-2ECB669F5FD1}"
	ProjectSection(ProjectDependencies) = postProject
		{8D121265-A203-456A-BE57-332380E4C82C} = {8D121265-A203-456A-BE57-332380E4C82C}
	EndProjectSection
EndProject
Project("{8BC9CEB8-8B4A-11D0-8D11-00A0C91BC942}") = "libImpostorem", "libImpostorem.vcxproj", "{8D121265-A203-456A-BE57-332380E4C82C}"
EndProject
Project("{8BC9CEB8-8B4A-11D0-8D11-00A0C91BC942}") = "beatdelay", "beatdelay.vcxproj", "{B0585FB7-595C-43BA-B50C-86FCE0AF8602}"
	ProjectSection(ProjectDependencies) = postProject
		{8D121265-A203-456A-BE57-332380E4C82C} = {8D121265-A203-456A-BE57-332380E4C82C}
	EndProjectSection
EndProject
Project("{2150E333-8FDC-42A3-9474-1A3956D46DE8}") = "External", "External", "{9B30A410-8094-44B0-B3B7-39A075F7C7DE}"
EndProject
Project("{2150E333-8FDC-42A3-9474-1A3956D46DE8}") = "Pianoshooter", "Pianoshooter", "{1CCCAF87-45BD-4F37-AED4-EF7B3AA4C9BC}"
	ProjectSection(SolutionItems) = preProject
		..\externals\pianoshooter\PianoShooter.zgeproj = ..\externals\pianoshooter\PianoShooter.zgeproj
		..\externals\pianoshooter\readme.md = ..\externals\pianoshooter\readme.md
	EndProjectSection
EndProject
Project("{2150E333-8FDC-42A3-9474-1A3956D46DE8}") = "LyricText", "LyricText", "{5185DA12-86FC-4FA1-A392-0AE75C80F3DA}"
	ProjectSection(SolutionItems) = preProject
		..\externals\lyrictext\LyricText.zgeproj = ..\externals\lyrictext\LyricText.zgeproj
		..\externals\lyrictext\README.md = ..\externals\lyrictext\README.md
	EndProjectSection
EndProject
Global
	GlobalSection(SolutionConfigurationPlatforms) = preSolution
		Debug|x64 = Debug|x64
		Debug|x86 = Debug|x86
		Release|x64 = Release|x64
		Release|x86 = Release|x86
	EndGlobalSection
	GlobalSection(ProjectConfigurationPlatforms) = postSolution
		{3C081548-A073-402D-ADAA-2ECB669F5FD1}.Debug|x64.ActiveCfg = Debug|x64
		{3C081548-A073-402D-ADAA-2ECB669F5FD1}.Debug|x64.Build.0 = Debug|x64
		{3C081548-A073-402D-ADAA-2ECB669F5FD1}.Debug|x86.ActiveCfg = Debug|x64
		{3C081548-A073-402D-ADAA-2ECB669F5FD1}.Release|x64.ActiveCfg = Release|x64
		{3C081548-A073-402D-ADAA-2ECB669F5FD1}.Release|x64.Build.0 = Release|x64
		{3C081548-A073-402D-ADAA-2ECB669F5FD1}.Release|x86.ActiveCfg = Release|x64
		{8D121265-A203-456A-BE57-332380E4C82C}.Debug|x64.ActiveCfg = Debug|x64
		{8D121265-A203-456A-BE57-332380E4C82C}.Debug|x64.Build.0 = Debug|x64
		{8D121265-A203-456A-BE57-332380E4C82C}.Debug|x86.ActiveCfg = Debug|x64
		{8D121265-A203-456A-BE57-332380E4C82C}.Release|x64.ActiveCfg = Release|x64
		{8D121265-A203-456A-BE57-332380E4C82C}.Release|x64.Build.0 = Release|x64
		{8D121265-A203-456A-BE57-332380E4C82C}.Release|x86.ActiveCfg = Release|x64
		{B0585FB7-595C-43BA-B50C-86FCE0AF8602}.Debug|x64.ActiveCfg = Debug|x64
		{B0585FB7-595C-43BA-B50C-86FCE0AF8602}.Debug|x64.Build.0 = Debug|x64
		{B0585FB7-595C-43BA-B50C-86FCE0AF8602}.Debug|x86.ActiveCfg = Debug|Win32
		{B0585FB7-595C-43BA-B50C-86FCE0AF8602}.Debug|x86.Build.0 = Debug|Win32
		{B0585FB7-595C-43BA-B50C-86FCE0AF8602}.Release|x64.ActiveCfg = Release|x64
		{B0585FB7-595C-43BA-B50C-86FCE0AF8602}.Release|x64.Build.0 = Release|x64
		{B0585FB7-595C-43BA-B50C-86FCE0AF8602}.Release|x86.ActiveCfg = Release|Win32
		{B0585FB7-595C-43BA-B50C-86FCE0AF8602}.Release|x86.Build.0 = Release|Win32
	EndGlobalSection
	GlobalSection(SolutionProperties) = preSolution
		HideSolutionNode = FALSE
	EndGlobalSection
	GlobalSection(NestedProjects) = preSolution
		{1CCCAF87-45BD-4F37-AED4-EF7B3AA4C9BC} = {9B30A410-8094-44B0-B3B7-39A075F7C7DE}
		{5185DA12-86FC-4FA1-A392-0AE75C80F3DA} = {9B30A410-8094-44B0-B3B7-39A075F7C7DE}
	EndGlobalSection
	GlobalSection(ExtensibilityGlobals) = postSolution
		SolutionGuid = {BFC545A4-A3CA-4DA1-86E7-4CCBDBF44B6F}
	EndGlobalSection
EndGlobal
