<?xml version="1.0" encoding="utf-8"?>
<Project ToolsVersion="4.0" xmlns="http://schemas.microsoft.com/developer/msbuild/2003">
  <ItemGroup>
    <Filter Include="src">
      <UniqueIdentifier>{4FC737F1-C7A5-4376-A066-2A32D752A2FF}</UniqueIdentifier>
      <Extensions>cpp;c;cc;cxx;def;odl;idl;hpj;bat;asm;asmx</Extensions>
    </Filter>
  </ItemGroup>
  <ItemGroup>
    <ClInclude Include="..\src\imp_utils.h">
      <Filter>src</Filter>
    </ClInclude>
    <ClInclude Include="..\src\imp_param.h">
      <Filter>src</Filter>
    </ClInclude>
    <ClInclude Include="..\src\imp_resource.h">
      <Filter>src</Filter>
    </ClInclude>
    <ClInclude Include="..\src\imp_platform.h">
      <Filter>src</Filter>
    </ClInclude>
    <ClInclude Include="..\src\imp_param_def.h">
      <Filter>src</Filter>
    </ClInclude>
    <ClInclude Include="..\src\imp_vstparameter.h">
      <Filter>src</Filter>
    </ClInclude>
  </ItemGroup>
  <ItemGroup>
    <ClCompile Include="..\src\imp_utils.cpp">
      <Filter>src</Filter>
    </ClCompile>
    <ClCompile Include="..\src\imp_param.cpp">
      <Filter>src</Filter>
    </ClCompile>
    <ClCompile Include="..\src\imp_resource.cpp">
      <Filter>src</Filter>
    </ClCompile>
    <ClCompile Include="..\src\imp_param_def.cpp">
      <Filter>src</Filter>
    </ClCompile>
    <ClCompile Include="..\src\imp_platform.cpp">
      <Filter>src</Filter>
    </ClCompile>
    <ClCompile Include="..\src\imp_vstparameter.cpp">
      <Filter>src</Filter>
    </ClCompile>
  </ItemGroup>
</Project>